// !$*UTF8*$!
{
	archiveVersion = 1;
	classes = {
	};
	objectVersion = 46;
	objects = {

/* Begin PBXBuildFile section */
		7844907B1AD2657000A2E67E /* main.m in Sources */ = {isa = PBXBuildFile; fileRef = 7844907A1AD2657000A2E67E /* main.m */; };
		7844907E1AD2657000A2E67E /* AppDelegate.m in Sources */ = {isa = PBXBuildFile; fileRef = 7844907D1AD2657000A2E67E /* AppDelegate.m */; };
		784490811AD2657000A2E67E /* ViewController.m in Sources */ = {isa = PBXBuildFile; fileRef = 784490801AD2657000A2E67E /* ViewController.m */; };
		784490841AD2657000A2E67E /* Main.storyboard in Resources */ = {isa = PBXBuildFile; fileRef = 784490821AD2657000A2E67E /* Main.storyboard */; };
		784490891AD2657000A2E67E /* LaunchScreen.xib in Resources */ = {isa = PBXBuildFile; fileRef = 784490871AD2657000A2E67E /* LaunchScreen.xib */; };
		7844909F1AD26E3000A2E67E /* bicycle.png in Resources */ = {isa = PBXBuildFile; fileRef = 7844909E1AD26E3000A2E67E /* bicycle.png */; };
		784490A31AD2752B00A2E67E /* Acidify.m in Sources */ = {isa = PBXBuildFile; fileRef = 784490A21AD2752B00A2E67E /* Acidify.m */; };
/* End PBXBuildFile section */

/* Begin PBXFileReference section */
		784490751AD2657000A2E67E /* sample.app */ = {isa = PBXFileReference; explicitFileType = wrapper.application; includeInIndex = 0; path = sample.app; sourceTree = BUILT_PRODUCTS_DIR; };
		784490791AD2657000A2E67E /* Info.plist */ = {isa = PBXFileReference; lastKnownFileType = text.plist.xml; path = Info.plist; sourceTree = "<group>"; };
		7844907A1AD2657000A2E67E /* main.m */ = {isa = PBXFileReference; lastKnownFileType = sourcecode.c.objc; path = main.m; sourceTree = "<group>"; };
		7844907C1AD2657000A2E67E /* AppDelegate.h */ = {isa = PBXFileReference; lastKnownFileType = sourcecode.c.h; path = AppDelegate.h; sourceTree = "<group>"; };
		7844907D1AD2657000A2E67E /* AppDelegate.m */ = {isa = PBXFileReference; lastKnownFileType = sourcecode.c.objc; path = AppDelegate.m; sourceTree = "<group>"; };
		7844907F1AD2657000A2E67E /* ViewController.h */ = {isa = PBXFileReference; lastKnownFileType = sourcecode.c.h; path = ViewController.h; sourceTree = "<group>"; };
		784490801AD2657000A2E67E /* ViewController.m */ = {isa = PBXFileReference; lastKnownFileType = sourcecode.c.objc; path = ViewController.m; sourceTree = "<group>"; };
		784490831AD2657000A2E67E /* Base */ = {isa = PBXFileReference; lastKnownFileType = file.storyboard; name = Base; path = Base.lproj/Main.storyboard; sourceTree = "<group>"; };
		784490881AD2657000A2E67E /* Base */ = {isa = PBXFileReference; lastKnownFileType = file.xib; name = Base; path = Base.lproj/LaunchScreen.xib; sourceTree = "<group>"; };
		7844909E1AD26E3000A2E67E /* bicycle.png */ = {isa = PBXFileReference; lastKnownFileType = image.png; path = bicycle.png; sourceTree = SOURCE_ROOT; };
		784490A11AD2752B00A2E67E /* Acidify.h */ = {isa = PBXFileReference; fileEncoding = 4; lastKnownFileType = sourcecode.c.h; name = Acidify.h; path = ../Acidify.h; sourceTree = "<group>"; };
		784490A21AD2752B00A2E67E /* Acidify.m */ = {isa = PBXFileReference; fileEncoding = 4; lastKnownFileType = sourcecode.c.objc; name = Acidify.m; path = ../Acidify.m; sourceTree = "<group>"; };
/* End PBXFileReference section */

/* Begin PBXFrameworksBuildPhase section */
		784490721AD2657000A2E67E /* Frameworks */ = {
			isa = PBXFrameworksBuildPhase;
			buildActionMask = 2147483647;
			files = (
			);
			runOnlyForDeploymentPostprocessing = 0;
		};
/* End PBXFrameworksBuildPhase section */

/* Begin PBXGroup section */
		7844906C1AD2657000A2E67E = {
			isa = PBXGroup;
			children = (
				784490A01AD2752000A2E67E /* Acidify */,
				784490771AD2657000A2E67E /* sample */,
				784490761AD2657000A2E67E /* Products */,
			);
			sourceTree = "<group>";
		};
		784490761AD2657000A2E67E /* Products */ = {
			isa = PBXGroup;
			children = (
				784490751AD2657000A2E67E /* sample.app */,
			);
			name = Products;
			sourceTree = "<group>";
		};
		784490771AD2657000A2E67E /* sample */ = {
			isa = PBXGroup;
			children = (
				7844909E1AD26E3000A2E67E /* bicycle.png */,
				7844907C1AD2657000A2E67E /* AppDelegate.h */,
				7844907D1AD2657000A2E67E /* AppDelegate.m */,
				7844907F1AD2657000A2E67E /* ViewController.h */,
				784490801AD2657000A2E67E /* ViewController.m */,
				784490821AD2657000A2E67E /* Main.storyboard */,
				784490871AD2657000A2E67E /* LaunchScreen.xib */,
				784490781AD2657000A2E67E /* Supporting Files */,
			);
			name = sample;
			path = .;
			sourceTree = "<group>";
		};
		784490781AD2657000A2E67E /* Supporting Files */ = {
			isa = PBXGroup;
			children = (
				784490791AD2657000A2E67E /* Info.plist */,
				7844907A1AD2657000A2E67E /* main.m */,
			);
			name = "Supporting Files";
			sourceTree = "<group>";
		};
		784490A01AD2752000A2E67E /* Acidify */ = {
			isa = PBXGroup;
			children = (
				784490A11AD2752B00A2E67E /* Acidify.h */,
				784490A21AD2752B00A2E67E /* Acidify.m */,
			);
			name = Acidify;
			sourceTree = "<group>";
		};
/* End PBXGroup section */

/* Begin PBXNativeTarget section */
		784490741AD2657000A2E67E /* sample */ = {
			isa = PBXNativeTarget;
			buildConfigurationList = 784490981AD2657000A2E67E /* Build configuration list for PBXNativeTarget "sample" */;
			buildPhases = (
				784490711AD2657000A2E67E /* Sources */,
				784490721AD2657000A2E67E /* Frameworks */,
				784490731AD2657000A2E67E /* Resources */,
			);
			buildRules = (
			);
			dependencies = (
			);
			name = sample;
			productName = sample;
			productReference = 784490751AD2657000A2E67E /* sample.app */;
			productType = "com.apple.product-type.application";
		};
/* End PBXNativeTarget section */

/* Begin PBXProject section */
		7844906D1AD2657000A2E67E /* Project object */ = {
			isa = PBXProject;
			attributes = {
				LastUpgradeCheck = 0610;
				ORGANIZATIONNAME = "Igor Gorelik";
				TargetAttributes = {
					784490741AD2657000A2E67E = {
						CreatedOnToolsVersion = 6.1.1;
					};
				};
			};
			buildConfigurationList = 784490701AD2657000A2E67E /* Build configuration list for PBXProject "sample" */;
			compatibilityVersion = "Xcode 3.2";
			developmentRegion = English;
			hasScannedForEncodings = 0;
			knownRegions = (
				en,
				Base,
			);
			mainGroup = 7844906C1AD2657000A2E67E;
			productRefGroup = 784490761AD2657000A2E67E /* Products */;
			projectDirPath = "";
			projectRoot = "";
			targets = (
				784490741AD2657000A2E67E /* sample */,
			);
		};
/* End PBXProject section */

/* Begin PBXResourcesBuildPhase section */
		784490731AD2657000A2E67E /* Resources */ = {
			isa = PBXResourcesBuildPhase;
			buildActionMask = 2147483647;
			files = (
				784490841AD2657000A2E67E /* Main.storyboard in Resources */,
				7844909F1AD26E3000A2E67E /* bicycle.png in Resources */,
				784490891AD2657000A2E67E /* LaunchScreen.xib in Resources */,
			);
			runOnlyForDeploymentPostprocessing = 0;
		};
/* End PBXResourcesBuildPhase section */

/* Begin PBXSourcesBuildPhase section */
		784490711AD2657000A2E67E /* Sources */ = {
			isa = PBXSourcesBuildPhase;
			buildActionMask = 2147483647;
			files = (
				784490811AD2657000A2E67E /* ViewController.m in Sources */,
				784490A31AD2752B00A2E67E /* Acidify.m in Sources */,
				7844907E1AD2657000A2E67E /* AppDelegate.m in Sources */,
				7844907B1AD2657000A2E67E /* main.m in Sources */,
			);
			runOnlyForDeploymentPostprocessing = 0;
		};
/* End PBXSourcesBuildPhase section */

/* Begin PBXVariantGroup section */
		784490821AD2657000A2E67E /* Main.storyboard */ = {
			isa = PBXVariantGroup;
			children = (
				784490831AD2657000A2E67E /* Base */,
			);
			name = Main.storyboard;
			sourceTree = "<group>";
		};
		784490871AD2657000A2E67E /* LaunchScreen.xib */ = {
			isa = PBXVariantGroup;
			children = (
				784490881AD2657000A2E67E /* Base */,
			);
			name = LaunchScreen.xib;
			sourceTree = "<group>";
		};
/* End PBXVariantGroup section */

/* Begin XCBuildConfiguration section */
		784490961AD2657000A2E67E /* Debug */ = {
			isa = XCBuildConfiguration;
			buildSettings = {
				ALWAYS_SEARCH_USER_PATHS = NO;
				CLANG_CXX_LANGUAGE_STANDARD = "gnu++0x";
				CLANG_CXX_LIBRARY = "libc++";
				CLANG_ENABLE_MODULES = YES;
				CLANG_ENABLE_OBJC_ARC = YES;
				CLANG_WARN_BOOL_CONVERSION = YES;
				CLANG_WARN_CONSTANT_CONVERSION = YES;
				CLANG_WARN_DIRECT_OBJC_ISA_USAGE = YES_ERROR;
				CLANG_WARN_EMPTY_BODY = YES;
				CLANG_WARN_ENUM_CONVERSION = YES;
				CLANG_WARN_INT_CONVERSION = YES;
				CLANG_WARN_OBJC_ROOT_CLASS = YES_ERROR;
				CLANG_WARN_UNREACHABLE_CODE = YES;
				CLANG_WARN__DUPLICATE_METHOD_MATCH = YES;
				"CODE_SIGN_IDENTITY[sdk=iphoneos*]" = "iPhone Developer";
				COPY_PHASE_STRIP = NO;
				ENABLE_STRICT_OBJC_MSGSEND = YES;
				GCC_C_LANGUAGE_STANDARD = gnu99;
				GCC_DYNAMIC_NO_PIC = NO;
				GCC_OPTIMIZATION_LEVEL = 0;
				GCC_PREPROCESSOR_DEFINITIONS = (
					"DEBUG=1",
					"$(inherited)",
				);
				GCC_SYMBOLS_PRIVATE_EXTERN = NO;
				GCC_WARN_64_TO_32_BIT_CONVERSION = YES;
				GCC_WARN_ABOUT_RETURN_TYPE = YES_ERROR;
				GCC_WARN_UNDECLARED_SELECTOR = YES;
				GCC_WARN_UNINITIALIZED_AUTOS = YES_AGGRESSIVE;
				GCC_WARN_UNUSED_FUNCTION = YES;
				GCC_WARN_UNUSED_VARIABLE = YES;
				IPHONEOS_DEPLOYMENT_TARGET = 8.1;
				MTL_ENABLE_DEBUG_INFO = YES;
				ONLY_ACTIVE_ARCH = YES;
				SDKROOT = iphoneos;
				TARGETED_DEVICE_FAMILY = "1,2";
			};
			name = Debug;
		};
		784490971AD2657000A2E67E /* Release */ = {
			isa = XCBuildConfiguration;
			buildSettings = {
				ALWAYS_SEARCH_USER_PATHS = NO;
				CLANG_CXX_LANGUAGE_STANDARD = "gnu++0x";
				CLANG_CXX_LIBRARY = "libc++";
				CLANG_ENABLE_MODULES = YES;
				CLANG_ENABLE_OBJC_ARC = YES;
				CLANG_WARN_BOOL_CONVERSION = YES;
				CLANG_WARN_CONSTANT_CONVERSION = YES;
				CLANG_WARN_DIRECT_OBJC_ISA_USAGE = YES_ERROR;
				CLANG_WARN_EMPTY_BODY = YES;
				CLANG_WARN_ENUM_CONVERSION = YES;
				CLANG_WARN_INT_CONVERSION = YES;
				CLANG_WARN_OBJC_ROOT_CLASS = YES_ERROR;
				CLANG_WARN_UNREACHABLE_CODE = YES;
				CLANG_WARN__DUPLICATE_METHOD_MATCH = YES;
				"CODE_SIGN_IDENTITY[sdk=iphoneos*]" = "iPhone Developer";
				COPY_PHASE_STRIP = YES;
				ENABLE_NS_ASSERTIONS = NO;
				ENABLE_STRICT_OBJC_MSGSEND = YES;
				GCC_C_LANGUAGE_STANDARD = gnu99;
				GCC_WARN_64_TO_32_BIT_CONVERSION = YES;
				GCC_WARN_ABOUT_RETURN_TYPE = YES_ERROR;
				GCC_WARN_UNDECLARED_SELECTOR = YES;
				GCC_WARN_UNINITIALIZED_AUTOS = YES_AGGRESSIVE;
				GCC_WARN_UNUSED_FUNCTION = YES;
				GCC_WARN_UNUSED_VARIABLE = YES;
				IPHONEOS_DEPLOYMENT_TARGET = 8.1;
				MTL_ENABLE_DEBUG_INFO = NO;
				SDKROOT = iphoneos;
				TARGETED_DEVICE_FAMILY = "1,2";
				VALIDATE_PRODUCT = YES;
			};
			name = Release;
		};
		784490991AD2657000A2E67E /* Debug */ = {
			isa = XCBuildConfiguration;
			buildSettings = {
				ASSETCATALOG_COMPILER_APPICON_NAME = AppIcon;
				CLANG_STATIC_ANALYZER_MODE = deep;
				"CODE_SIGN_IDENTITY[sdk=iphoneos*]" = "";
				INFOPLIST_FILE = Info.plist;
				IPHONEOS_DEPLOYMENT_TARGET = 7.1;
				LD_RUNPATH_SEARCH_PATHS = "$(inherited) @executable_path/Frameworks";
				PRODUCT_NAME = "$(TARGET_NAME)";
				RUN_CLANG_STATIC_ANALYZER = YES;
			};
			name = Debug;
		};
		7844909A1AD2657000A2E67E /* Release */ = {
			isa = XCBuildConfiguration;
			buildSettings = {
				ASSETCATALOG_COMPILER_APPICON_NAME = AppIcon;
				CLANG_STATIC_ANALYZER_MODE = deep;
				"CODE_SIGN_IDENTITY[sdk=iphoneos*]" = "";
				INFOPLIST_FILE = Info.plist;
				IPHONEOS_DEPLOYMENT_TARGET = 7.1;
				LD_RUNPATH_SEARCH_PATHS = "$(inherited) @executable_path/Frameworks";
				PRODUCT_NAME = "$(TARGET_NAME)";
				RUN_CLANG_STATIC_ANALYZER = YES;
			};
			name = Release;
		};
/* End XCBuildConfiguration section */

/* Begin XCConfigurationList section */
		784490701AD2657000A2E67E /* Build configuration list for PBXProject "sample" */ = {
			isa = XCConfigurationList;
			buildConfigurations = (
				784490961AD2657000A2E67E /* Debug */,
				784490971AD2657000A2E67E /* Release */,
			);
			defaultConfigurationIsVisible = 0;
			defaultConfigurationName = Release;
		};
		784490981AD2657000A2E67E /* Build configuration list for PBXNativeTarget "sample" */ = {
			isa = XCConfigurationList;
			buildConfigurations = (
				784490991AD2657000A2E67E /* Debug */,
				7844909A1AD2657000A2E67E /* Release */,
			);
			defaultConfigurationIsVisible = 0;
			defaultConfigurationName = Release;
		};
/* End XCConfigurationList section */
	};
	rootObject = 7844906D1AD2657000A2E67E /* Project object */;
}
